
Microsoft Visual Studio Solution File, Format Version 12.00
# Visual Studio Version 17
VisualStudioVersion = 17.3.32929.385
MinimumVisualStudioVersion = 10.0.40219.1
Project("{FAE04EC0-301F-11D3-BF4B-00C04F79EFBC}") = "Task_11_PM01_N4", "Task_11_PM01_N4\Task_11_PM01_N4.csproj", "{2AF609FF-75B2-4A85-A74E-A201E5A7EBEB}"
EndProject
Global
	GlobalSection(SolutionConfigurationPlatforms) = preSolution
		Debug|Any CPU = Debug|Any CPU
		Release|Any CPU = Release|Any CPU
	EndGlobalSection
	GlobalSection(ProjectConfigurationPlatforms) = postSolution
		{2AF609FF-75B2-4A85-A74E-A201E5A7EBEB}.Debug|Any CPU.ActiveCfg = Debug|Any CPU
		{2AF609FF-75B2-4A85-A74E-A201E5A7EBEB}.Debug|Any CPU.Build.0 = Debug|Any CPU
		{2AF609FF-75B2-4A85-A74E-A201E5A7EBEB}.Release|Any CPU.ActiveCfg = Release|Any CPU
		{2AF609FF-75B2-4A85-A74E-A201E5A7EBEB}.Release|Any CPU.Build.0 = Release|Any CPU
	EndGlobalSection
	GlobalSection(SolutionProperties) = preSolution
		HideSolutionNode = FALSE
	EndGlobalSection
	GlobalSection(ExtensibilityGlobals) = postSolution
		SolutionGuid = {26A97808-A404-40D3-BC58-7AE8EFA12C2C}
	EndGlobalSection
EndGlobal
